
Microsoft Visual Studio Solution File, Format Version 12.00
# Visual Studio Version 17
VisualStudioVersion = 17.5.002.0
MinimumVisualStudioVersion = 10.0.40219.1
Project("{9A19103F-16F7-4668-BE54-9A1E7A4F7556}") = "HL7", "HL7.csproj", "{A6AD9CED-DF7E-4F6B-8DBB-82891BB567C5}"
EndProject
Global
	GlobalSection(SolutionConfigurationPlatforms) = preSolution
		Debug|Any CPU = Debug|Any CPU
		Release|Any CPU = Release|Any CPU
	EndGlobalSection
	GlobalSection(ProjectConfigurationPlatforms) = postSolution
		{A6AD9CED-DF7E-4F6B-8DBB-82891BB567C5}.Debug|Any CPU.ActiveCfg = Debug|Any CPU
		{A6AD9CED-DF7E-4F6B-8DBB-82891BB567C5}.Debug|Any CPU.Build.0 = Debug|Any CPU
		{A6AD9CED-DF7E-4F6B-8DBB-82891BB567C5}.Release|Any CPU.ActiveCfg = Release|Any CPU
		{A6AD9CED-DF7E-4F6B-8DBB-82891BB567C5}.Release|Any CPU.Build.0 = Release|Any CPU
	EndGlobalSection
	GlobalSection(SolutionProperties) = preSolution
		HideSolutionNode = FALSE
	EndGlobalSection
	GlobalSection(ExtensibilityGlobals) = postSolution
		SolutionGuid = {FA00F390-2645-43DC-A603-E6E668076516}
	EndGlobalSection
EndGlobal
